
Microsoft Visual Studio Solution File, Format Version 12.00
# Visual Studio Version 16
VisualStudioVersion = 16.0.31515.178
MinimumVisualStudioVersion = 10.0.40219.1
Project("{FAE04EC0-301F-11D3-BF4B-00C04F79EFBC}") = "Guessing Game Program", "Guessing Game Program\Guessing Game Program.csproj", "{A1922312-1D67-4D50-A4A7-91C9D37BBAD7}"
EndProject
Global
	GlobalSection(SolutionConfigurationPlatforms) = preSolution
		Debug|Any CPU = Debug|Any CPU
		Release|Any CPU = Release|Any CPU
	EndGlobalSection
	GlobalSection(ProjectConfigurationPlatforms) = postSolution
		{A1922312-1D67-4D50-A4A7-91C9D37BBAD7}.Debug|Any CPU.ActiveCfg = Debug|Any CPU
		{A1922312-1D67-4D50-A4A7-91C9D37BBAD7}.Debug|Any CPU.Build.0 = Debug|Any CPU
		{A1922312-1D67-4D50-A4A7-91C9D37BBAD7}.Release|Any CPU.ActiveCfg = Release|Any CPU
		{A1922312-1D67-4D50-A4A7-91C9D37BBAD7}.Release|Any CPU.Build.0 = Release|Any CPU
	EndGlobalSection
	GlobalSection(SolutionProperties) = preSolution
		HideSolutionNode = FALSE
	EndGlobalSection
	GlobalSection(ExtensibilityGlobals) = postSolution
		SolutionGuid = {11290BFB-62AF-4E20-8DB9-3E23774F953D}
	EndGlobalSection
EndGlobal
