
Microsoft Visual Studio Solution File, Format Version 12.00
# Visual Studio Version 16
VisualStudioVersion = 16.0.31515.178
MinimumVisualStudioVersion = 10.0.40219.1
Project("{FAE04EC0-301F-11D3-BF4B-00C04F79EFBC}") = "Calculator", "Calculator\Calculator.csproj", "{7786515A-D83F-4889-BDBA-8E4D98BD6D40}"
EndProject
Global
	GlobalSection(SolutionConfigurationPlatforms) = preSolution
		Debug|Any CPU = Debug|Any CPU
		Release|Any CPU = Release|Any CPU
	EndGlobalSection
	GlobalSection(ProjectConfigurationPlatforms) = postSolution
		{7786515A-D83F-4889-BDBA-8E4D98BD6D40}.Debug|Any CPU.ActiveCfg = Debug|Any CPU
		{7786515A-D83F-4889-BDBA-8E4D98BD6D40}.Debug|Any CPU.Build.0 = Debug|Any CPU
		{7786515A-D83F-4889-BDBA-8E4D98BD6D40}.Release|Any CPU.ActiveCfg = Release|Any CPU
		{7786515A-D83F-4889-BDBA-8E4D98BD6D40}.Release|Any CPU.Build.0 = Release|Any CPU
	EndGlobalSection
	GlobalSection(SolutionProperties) = preSolution
		HideSolutionNode = FALSE
	EndGlobalSection
	GlobalSection(ExtensibilityGlobals) = postSolution
		SolutionGuid = {6D7F0A03-7E70-4BF3-B731-6D111B943F82}
	EndGlobalSection
EndGlobal
